
Microsoft Visual Studio Solution File, Format Version 12.00
# Visual Studio 15
VisualStudioVersion = 15.0.28307.1022
MinimumVisualStudioVersion = 10.0.40219.1
Project("{FAE04EC0-301F-11D3-BF4B-00C04F79EFBC}") = "Database_reader_V2", "Database_reader_V2\Database_reader_V2.csproj", "{C8D80FE7-2EBF-415A-86C8-ABB4D3537AF9}"
EndProject
Global
	GlobalSection(SolutionConfigurationPlatforms) = preSolution
		Debug|Any CPU = Debug|Any CPU
		Release|Any CPU = Release|Any CPU
	EndGlobalSection
	GlobalSection(ProjectConfigurationPlatforms) = postSolution
		{C8D80FE7-2EBF-415A-86C8-ABB4D3537AF9}.Debug|Any CPU.ActiveCfg = Debug|Any CPU
		{C8D80FE7-2EBF-415A-86C8-ABB4D3537AF9}.Debug|Any CPU.Build.0 = Debug|Any CPU
		{C8D80FE7-2EBF-415A-86C8-ABB4D3537AF9}.Release|Any CPU.ActiveCfg = Release|Any CPU
		{C8D80FE7-2EBF-415A-86C8-ABB4D3537AF9}.Release|Any CPU.Build.0 = Release|Any CPU
	EndGlobalSection
	GlobalSection(SolutionProperties) = preSolution
		HideSolutionNode = FALSE
	EndGlobalSection
	GlobalSection(ExtensibilityGlobals) = postSolution
		SolutionGuid = {2A7BD722-1751-423A-A9DA-D6B36AA4A81F}
	EndGlobalSection
EndGlobal
